
Microsoft Visual Studio Solution File, Format Version 12.00
# Visual Studio Version 17
VisualStudioVersion = 17.5.33530.505
MinimumVisualStudioVersion = 10.0.40219.1
Project("{9A19103F-16F7-4668-BE54-9A1E7A4F7556}") = "Weapons", "Weapon\Weapons.csproj", "{9BB16286-88A5-4A17-A66B-D0919757ED5E}"
EndProject
Project("{9A19103F-16F7-4668-BE54-9A1E7A4F7556}") = "Program", "Program\Program.csproj", "{D5E76290-546B-464F-AA96-5F260EA5AE7D}"
EndProject
Global
	GlobalSection(SolutionConfigurationPlatforms) = preSolution
		Debug|Any CPU = Debug|Any CPU
		Release|Any CPU = Release|Any CPU
	EndGlobalSection
	GlobalSection(ProjectConfigurationPlatforms) = postSolution
		{9BB16286-88A5-4A17-A66B-D0919757ED5E}.Debug|Any CPU.ActiveCfg = Debug|Any CPU
		{9BB16286-88A5-4A17-A66B-D0919757ED5E}.Debug|Any CPU.Build.0 = Debug|Any CPU
		{9BB16286-88A5-4A17-A66B-D0919757ED5E}.Release|Any CPU.ActiveCfg = Release|Any CPU
		{9BB16286-88A5-4A17-A66B-D0919757ED5E}.Release|Any CPU.Build.0 = Release|Any CPU
		{D5E76290-546B-464F-AA96-5F260EA5AE7D}.Debug|Any CPU.ActiveCfg = Debug|Any CPU
		{D5E76290-546B-464F-AA96-5F260EA5AE7D}.Debug|Any CPU.Build.0 = Debug|Any CPU
		{D5E76290-546B-464F-AA96-5F260EA5AE7D}.Release|Any CPU.ActiveCfg = Release|Any CPU
		{D5E76290-546B-464F-AA96-5F260EA5AE7D}.Release|Any CPU.Build.0 = Release|Any CPU
	EndGlobalSection
	GlobalSection(SolutionProperties) = preSolution
		HideSolutionNode = FALSE
	EndGlobalSection
	GlobalSection(ExtensibilityGlobals) = postSolution
		SolutionGuid = {D29D51B8-D556-47D2-BD8C-9F4AAF23A148}
	EndGlobalSection
EndGlobal
